
Microsoft Visual Studio Solution File, Format Version 12.00
# Visual Studio Version 16
VisualStudioVersion = 16.0.30320.27
MinimumVisualStudioVersion = 10.0.40219.1
Project("{9A19103F-16F7-4668-BE54-9A1E7A4F7556}") = "CberTest.WebApi", "CberTest.WebApi\CberTest.WebApi.csproj", "{8C323A96-8628-4665-B89D-81BA8E05AF91}"
EndProject
Project("{9A19103F-16F7-4668-BE54-9A1E7A4F7556}") = "CberTest.DataAccess", "CberTest.DataAccess\CberTest.DataAccess.csproj", "{33A27D66-5B8D-45C6-8AF7-F7C2D0058F4A}"
EndProject
Project("{9A19103F-16F7-4668-BE54-9A1E7A4F7556}") = "CberTest.Services", "CberTest.Services\CberTest.Services.csproj", "{C2E44FEE-D147-4AE9-9D38-45BAD21AB64D}"
EndProject
Project("{9A19103F-16F7-4668-BE54-9A1E7A4F7556}") = "CberTest.Core", "CberTest.Core\CberTest.Core.csproj", "{A424AFEE-01C8-4CF2-A699-935F7E9F98FA}"
EndProject
Global
	GlobalSection(SolutionConfigurationPlatforms) = preSolution
		Debug|Any CPU = Debug|Any CPU
		Release|Any CPU = Release|Any CPU
	EndGlobalSection
	GlobalSection(ProjectConfigurationPlatforms) = postSolution
		{8C323A96-8628-4665-B89D-81BA8E05AF91}.Debug|Any CPU.ActiveCfg = Debug|Any CPU
		{8C323A96-8628-4665-B89D-81BA8E05AF91}.Debug|Any CPU.Build.0 = Debug|Any CPU
		{8C323A96-8628-4665-B89D-81BA8E05AF91}.Release|Any CPU.ActiveCfg = Release|Any CPU
		{8C323A96-8628-4665-B89D-81BA8E05AF91}.Release|Any CPU.Build.0 = Release|Any CPU
		{33A27D66-5B8D-45C6-8AF7-F7C2D0058F4A}.Debug|Any CPU.ActiveCfg = Debug|Any CPU
		{33A27D66-5B8D-45C6-8AF7-F7C2D0058F4A}.Debug|Any CPU.Build.0 = Debug|Any CPU
		{33A27D66-5B8D-45C6-8AF7-F7C2D0058F4A}.Release|Any CPU.ActiveCfg = Release|Any CPU
		{33A27D66-5B8D-45C6-8AF7-F7C2D0058F4A}.Release|Any CPU.Build.0 = Release|Any CPU
		{C2E44FEE-D147-4AE9-9D38-45BAD21AB64D}.Debug|Any CPU.ActiveCfg = Debug|Any CPU
		{C2E44FEE-D147-4AE9-9D38-45BAD21AB64D}.Debug|Any CPU.Build.0 = Debug|Any CPU
		{C2E44FEE-D147-4AE9-9D38-45BAD21AB64D}.Release|Any CPU.ActiveCfg = Release|Any CPU
		{C2E44FEE-D147-4AE9-9D38-45BAD21AB64D}.Release|Any CPU.Build.0 = Release|Any CPU
		{A424AFEE-01C8-4CF2-A699-935F7E9F98FA}.Debug|Any CPU.ActiveCfg = Debug|Any CPU
		{A424AFEE-01C8-4CF2-A699-935F7E9F98FA}.Debug|Any CPU.Build.0 = Debug|Any CPU
		{A424AFEE-01C8-4CF2-A699-935F7E9F98FA}.Release|Any CPU.ActiveCfg = Release|Any CPU
		{A424AFEE-01C8-4CF2-A699-935F7E9F98FA}.Release|Any CPU.Build.0 = Release|Any CPU
	EndGlobalSection
	GlobalSection(SolutionProperties) = preSolution
		HideSolutionNode = FALSE
	EndGlobalSection
	GlobalSection(ExtensibilityGlobals) = postSolution
		SolutionGuid = {2BF761E3-48BC-4F72-A06A-0EBC24D7881E}
	EndGlobalSection
EndGlobal
